
Microsoft Visual Studio Solution File, Format Version 12.00
# Visual Studio Version 16
VisualStudioVersion = 16.0.32602.291
MinimumVisualStudioVersion = 10.0.40219.1
Project("{FAE04EC0-301F-11D3-BF4B-00C04F79EFBC}") = "Pong", "Pong\Pong.csproj", "{99E2123B-8699-4263-BC48-3A587D7DF9B0}"
EndProject
Global
	GlobalSection(SolutionConfigurationPlatforms) = preSolution
		Debug|Any CPU = Debug|Any CPU
		Release|Any CPU = Release|Any CPU
	EndGlobalSection
	GlobalSection(ProjectConfigurationPlatforms) = postSolution
		{99E2123B-8699-4263-BC48-3A587D7DF9B0}.Debug|Any CPU.ActiveCfg = Debug|Any CPU
		{99E2123B-8699-4263-BC48-3A587D7DF9B0}.Debug|Any CPU.Build.0 = Debug|Any CPU
		{99E2123B-8699-4263-BC48-3A587D7DF9B0}.Release|Any CPU.ActiveCfg = Release|Any CPU
		{99E2123B-8699-4263-BC48-3A587D7DF9B0}.Release|Any CPU.Build.0 = Release|Any CPU
	EndGlobalSection
	GlobalSection(SolutionProperties) = preSolution
		HideSolutionNode = FALSE
	EndGlobalSection
	GlobalSection(ExtensibilityGlobals) = postSolution
		SolutionGuid = {CD663B9E-9A7C-48EC-9C20-99B2EF0F9E04}
	EndGlobalSection
EndGlobal
